<?xml version="1.0" encoding="utf-8"?>
<Project ToolsVersion="15.0" xmlns="http://schemas.microsoft.com/developer/msbuild/2003">
  <ItemGroup>
    <ClCompile Include="..\misc\win32\apr_app.c">
      <Filter>Source Files</Filter>
    </ClCompile>
    <ClCompile Include="..\misc\win32\internal.c">
      <Filter>Source Files</Filter>
    </ClCompile>
  </ItemGroup>
  <ItemGroup>
    <ClInclude Include=".\apr.h">
      <Filter>Header Files</Filter>
    </ClInclude>
  </ItemGroup>
  <ItemGroup>
    <Filter Include="Header Files">
      <UniqueIdentifier>{8D1425B7-80C9-3415-A913-0B531C021E66}</UniqueIdentifier>
    </Filter>
    <Filter Include="Source Files">
      <UniqueIdentifier>{8938FE84-34A8-31F0-B435-058A09E2B8AB}</UniqueIdentifier>
    </Filter>
  </ItemGroup>
</Project>